
Microsoft Visual Studio Solution File, Format Version 12.00
# Visual Studio Version 16
VisualStudioVersion = 16.0.28729.10
MinimumVisualStudioVersion = 10.0.40219.1
Project("{FAE04EC0-301F-11D3-BF4B-00C04F79EFBC}") = "MvcProjeKampi", "MvcProjeKampi\MvcProjeKampi.csproj", "{3A8F99D0-5364-4864-B537-62FA37E73832}"
EndProject
Project("{9A19103F-16F7-4668-BE54-9A1E7A4F7556}") = "EntityLayer", "EntityLayer\EntityLayer.csproj", "{F92B0ED6-4158-4B1B-B2A8-EFAA86DBF024}"
EndProject
Project("{9A19103F-16F7-4668-BE54-9A1E7A4F7556}") = "DataAccessLayer", "DataAccessLayer\DataAccessLayer.csproj", "{28BB57BB-2648-4795-B4FF-1A69A0D72AC0}"
EndProject
Project("{9A19103F-16F7-4668-BE54-9A1E7A4F7556}") = "BusinessLayer", "BusinessLayer\BusinessLayer.csproj", "{EF2ABA8D-548E-4635-9F10-D8A5FA5977B0}"
EndProject
Global
	GlobalSection(SolutionConfigurationPlatforms) = preSolution
		Debug|Any CPU = Debug|Any CPU
		Release|Any CPU = Release|Any CPU
	EndGlobalSection
	GlobalSection(ProjectConfigurationPlatforms) = postSolution
		{3A8F99D0-5364-4864-B537-62FA37E73832}.Debug|Any CPU.ActiveCfg = Debug|Any CPU
		{3A8F99D0-5364-4864-B537-62FA37E73832}.Debug|Any CPU.Build.0 = Debug|Any CPU
		{3A8F99D0-5364-4864-B537-62FA37E73832}.Release|Any CPU.ActiveCfg = Release|Any CPU
		{3A8F99D0-5364-4864-B537-62FA37E73832}.Release|Any CPU.Build.0 = Release|Any CPU
		{F92B0ED6-4158-4B1B-B2A8-EFAA86DBF024}.Debug|Any CPU.ActiveCfg = Debug|Any CPU
		{F92B0ED6-4158-4B1B-B2A8-EFAA86DBF024}.Debug|Any CPU.Build.0 = Debug|Any CPU
		{F92B0ED6-4158-4B1B-B2A8-EFAA86DBF024}.Release|Any CPU.ActiveCfg = Release|Any CPU
		{F92B0ED6-4158-4B1B-B2A8-EFAA86DBF024}.Release|Any CPU.Build.0 = Release|Any CPU
		{28BB57BB-2648-4795-B4FF-1A69A0D72AC0}.Debug|Any CPU.ActiveCfg = Debug|Any CPU
		{28BB57BB-2648-4795-B4FF-1A69A0D72AC0}.Debug|Any CPU.Build.0 = Debug|Any CPU
		{28BB57BB-2648-4795-B4FF-1A69A0D72AC0}.Release|Any CPU.ActiveCfg = Release|Any CPU
		{28BB57BB-2648-4795-B4FF-1A69A0D72AC0}.Release|Any CPU.Build.0 = Release|Any CPU
		{EF2ABA8D-548E-4635-9F10-D8A5FA5977B0}.Debug|Any CPU.ActiveCfg = Debug|Any CPU
		{EF2ABA8D-548E-4635-9F10-D8A5FA5977B0}.Debug|Any CPU.Build.0 = Debug|Any CPU
		{EF2ABA8D-548E-4635-9F10-D8A5FA5977B0}.Release|Any CPU.ActiveCfg = Release|Any CPU
		{EF2ABA8D-548E-4635-9F10-D8A5FA5977B0}.Release|Any CPU.Build.0 = Release|Any CPU
	EndGlobalSection
	GlobalSection(SolutionProperties) = preSolution
		HideSolutionNode = FALSE
	EndGlobalSection
	GlobalSection(ExtensibilityGlobals) = postSolution
		SolutionGuid = {5F3AA9D1-455D-4F06-A836-3632EE577B3F}
	EndGlobalSection
EndGlobal
